// !$*UTF8*$!
{
	archiveVersion = 1;
	classes = {
	};
	objectVersion = 90;
	objects = {

/* Begin PBXContainerItemProxy section */
		181A29FB2DF5629100CA1A4A /* PBXContainerItemProxy */ = {
			isa = PBXContainerItemProxy;
			containerPortal = 181A29E52DF5629000CA1A4A /* Project object */;
			proxyType = 1;
			remoteGlobalIDString = 181A29EC2DF5629000CA1A4A;
			remoteInfo = TravelMate;
		};
		181A2A052DF5629100CA1A4A /* PBXContainerItemProxy */ = {
			isa = PBXContainerItemProxy;
			containerPortal = 181A29E52DF5629000CA1A4A /* Project object */;
			proxyType = 1;
			remoteGlobalIDString = 181A29EC2DF5629000CA1A4A;
			remoteInfo = TravelMate;
		};
/* End PBXContainerItemProxy section */

/* Begin PBXFileReference section */
		181A29ED2DF5629000CA1A4A /* TravelMate.app */ = {isa = PBXFileReference; explicitFileType = wrapper.application; includeInIndex = 0; path = TravelMate.app; sourceTree = BUILT_PRODUCTS_DIR; };
		181A29FA2DF5629100CA1A4A /* TravelMateTests.xctest */ = {isa = PBXFileReference; explicitFileType = wrapper.cfbundle; includeInIndex = 0; path = TravelMateTests.xctest; sourceTree = BUILT_PRODUCTS_DIR; };
		181A2A042DF5629100CA1A4A /* TravelMateUITests.xctest */ = {isa = PBXFileReference; explicitFileType = wrapper.cfbundle; includeInIndex = 0; path = TravelMateUITests.xctest; sourceTree = BUILT_PRODUCTS_DIR; };
/* End PBXFileReference section */

/* Begin PBXFileSystemSynchronizedBuildFileExceptionSet section */
		1816461C2E05AA1A005AEA32 /* Exceptions for "TravelMate" folder in "TravelMate" target */ = {
			isa = PBXFileSystemSynchronizedBuildFileExceptionSet;
			membershipExceptions = (
				Info.plist,
			);
			target = 181A29EC2DF5629000CA1A4A /* TravelMate */;
		};
/* End PBXFileSystemSynchronizedBuildFileExceptionSet section */

/* Begin PBXFileSystemSynchronizedRootGroup section */
		181A29EF2DF5629000CA1A4A /* TravelMate */ = {
			isa = PBXFileSystemSynchronizedRootGroup;
			exceptions = (
				1816461C2E05AA1A005AEA32 /* Exceptions for "TravelMate" folder in "TravelMate" target */,
			);
			path = TravelMate;
			sourceTree = "<group>";
		};
		181A29FD2DF5629100CA1A4A /* TravelMateTests */ = {
			isa = PBXFileSystemSynchronizedRootGroup;
			path = TravelMateTests;
			sourceTree = "<group>";
		};
		181A2A072DF5629100CA1A4A /* TravelMateUITests */ = {
			isa = PBXFileSystemSynchronizedRootGroup;
			path = TravelMateUITests;
			sourceTree = "<group>";
		};
/* End PBXFileSystemSynchronizedRootGroup section */

/* Begin PBXFrameworksBuildPhase section */
		181A29EA2DF5629000CA1A4A /* Frameworks */ = {
			isa = PBXFrameworksBuildPhase;
			files = (
			);
		};
		181A29F72DF5629100CA1A4A /* Frameworks */ = {
			isa = PBXFrameworksBuildPhase;
			files = (
			);
		};
		181A2A012DF5629100CA1A4A /* Frameworks */ = {
			isa = PBXFrameworksBuildPhase;
			files = (
			);
		};
/* End PBXFrameworksBuildPhase section */

/* Begin PBXGroup section */
		181A29E42DF5629000CA1A4A = {
			isa = PBXGroup;
			children = (
				181A29EF2DF5629000CA1A4A /* TravelMate */,
				181A29FD2DF5629100CA1A4A /* TravelMateTests */,
				181A2A072DF5629100CA1A4A /* TravelMateUITests */,
				181A29EE2DF5629000CA1A4A /* Products */,
			);
			sourceTree = "<group>";
		};
		181A29EE2DF5629000CA1A4A /* Products */ = {
			isa = PBXGroup;
			children = (
				181A29ED2DF5629000CA1A4A /* TravelMate.app */,
				181A29FA2DF5629100CA1A4A /* TravelMateTests.xctest */,
				181A2A042DF5629100CA1A4A /* TravelMateUITests.xctest */,
			);
			name = Products;
			sourceTree = "<group>";
		};
/* End PBXGroup section */

/* Begin PBXNativeTarget section */
		181A29EC2DF5629000CA1A4A /* TravelMate */ = {
			isa = PBXNativeTarget;
			buildConfigurationList = 181A2A0E2DF5629100CA1A4A /* Build configuration list for PBXNativeTarget "TravelMate" */;
			buildPhases = (
				181A29E92DF5629000CA1A4A /* Sources */,
				181A29EA2DF5629000CA1A4A /* Frameworks */,
				181A29EB2DF5629000CA1A4A /* Resources */,
			);
			buildRules = (
			);
			fileSystemSynchronizedGroups = (
				181A29EF2DF5629000CA1A4A /* TravelMate */,
			);
			name = TravelMate;
			productName = TravelMate;
			productReference = 181A29ED2DF5629000CA1A4A /* TravelMate.app */;
			productType = "com.apple.product-type.application";
		};
		181A29F92DF5629100CA1A4A /* TravelMateTests */ = {
			isa = PBXNativeTarget;
			buildConfigurationList = 181A2A112DF5629100CA1A4A /* Build configuration list for PBXNativeTarget "TravelMateTests" */;
			buildPhases = (
				181A29F62DF5629100CA1A4A /* Sources */,
				181A29F72DF5629100CA1A4A /* Frameworks */,
				181A29F82DF5629100CA1A4A /* Resources */,
			);
			buildRules = (
			);
			dependencies = (
				181A29FC2DF5629100CA1A4A /* PBXTargetDependency */,
			);
			fileSystemSynchronizedGroups = (
				181A29FD2DF5629100CA1A4A /* TravelMateTests */,
			);
			name = TravelMateTests;
			productName = TravelMateTests;
			productReference = 181A29FA2DF5629100CA1A4A /* TravelMateTests.xctest */;
			productType = "com.apple.product-type.bundle.unit-test";
		};
		181A2A032DF5629100CA1A4A /* TravelMateUITests */ = {
			isa = PBXNativeTarget;
			buildConfigurationList = 181A2A142DF5629100CA1A4A /* Build configuration list for PBXNativeTarget "TravelMateUITests" */;
			buildPhases = (
				181A2A002DF5629100CA1A4A /* Sources */,
				181A2A012DF5629100CA1A4A /* Frameworks */,
				181A2A022DF5629100CA1A4A /* Resources */,
			);
			buildRules = (
			);
			dependencies = (
				181A2A062DF5629100CA1A4A /* PBXTargetDependency */,
			);
			fileSystemSynchronizedGroups = (
				181A2A072DF5629100CA1A4A /* TravelMateUITests */,
			);
			name = TravelMateUITests;
			productName = TravelMateUITests;
			productReference = 181A2A042DF5629100CA1A4A /* TravelMateUITests.xctest */;
			productType = "com.apple.product-type.bundle.ui-testing";
		};
/* End PBXNativeTarget section */

/* Begin PBXProject section */
		181A29E52DF5629000CA1A4A /* Project object */ = {
			isa = PBXProject;
			attributes = {
				BuildIndependentTargetsInParallel = 1;
				LastSwiftUpdateCheck = 1640;
				LastUpgradeCheck = 1640;
				TargetAttributes = {
					181A29EC2DF5629000CA1A4A = {
						CreatedOnToolsVersion = 16.4;
					};
					181A29F92DF5629100CA1A4A = {
						CreatedOnToolsVersion = 16.4;
						TestTargetID = 181A29EC2DF5629000CA1A4A;
					};
					181A2A032DF5629100CA1A4A = {
						CreatedOnToolsVersion = 16.4;
						TestTargetID = 181A29EC2DF5629000CA1A4A;
					};
				};
			};
			buildConfigurationList = 181A29E82DF5629000CA1A4A /* Build configuration list for PBXProject "TravelMate" */;
			developmentRegion = en;
			hasScannedForEncodings = 0;
			knownRegions = (
				en,
				Base,
			);
			mainGroup = 181A29E42DF5629000CA1A4A;
			minimizedProjectReferenceProxies = 1;
			packageReferences = (
			);
			preferredProjectObjectVersion = 90;
			productRefGroup = 181A29EE2DF5629000CA1A4A /* Products */;
			projectDirPath = "";
			projectRoot = "";
			targets = (
				181A29EC2DF5629000CA1A4A /* TravelMate */,
				181A29F92DF5629100CA1A4A /* TravelMateTests */,
				181A2A032DF5629100CA1A4A /* TravelMateUITests */,
			);
		};
/* End PBXProject section */

/* Begin PBXResourcesBuildPhase section */
		181A29EB2DF5629000CA1A4A /* Resources */ = {
			isa = PBXResourcesBuildPhase;
			files = (
			);
		};
		181A29F82DF5629100CA1A4A /* Resources */ = {
			isa = PBXResourcesBuildPhase;
			files = (
			);
		};
		181A2A022DF5629100CA1A4A /* Resources */ = {
			isa = PBXResourcesBuildPhase;
			files = (
			);
		};
/* End PBXResourcesBuildPhase section */

/* Begin PBXSourcesBuildPhase section */
		181A29E92DF5629000CA1A4A /* Sources */ = {
			isa = PBXSourcesBuildPhase;
			files = (
			);
		};
		181A29F62DF5629100CA1A4A /* Sources */ = {
			isa = PBXSourcesBuildPhase;
			files = (
			);
		};
		181A2A002DF5629100CA1A4A /* Sources */ = {
			isa = PBXSourcesBuildPhase;
			files = (
			);
		};
/* End PBXSourcesBuildPhase section */

/* Begin PBXTargetDependency section */
		181A29FC2DF5629100CA1A4A /* PBXTargetDependency */ = {
			isa = PBXTargetDependency;
			target = 181A29EC2DF5629000CA1A4A /* TravelMate */;
			targetProxy = 181A29FB2DF5629100CA1A4A /* PBXContainerItemProxy */;
		};
		181A2A062DF5629100CA1A4A /* PBXTargetDependency */ = {
			isa = PBXTargetDependency;
			target = 181A29EC2DF5629000CA1A4A /* TravelMate */;
			targetProxy = 181A2A052DF5629100CA1A4A /* PBXContainerItemProxy */;
		};
/* End PBXTargetDependency section */

/* Begin XCBuildConfiguration section */
		181A2A0C2DF5629100CA1A4A /* Debug configuration for PBXProject "TravelMate" */ = {
			isa = XCBuildConfiguration;
			buildSettings = {
				ALWAYS_SEARCH_USER_PATHS = NO;
				ASSETCATALOG_COMPILER_GENERATE_SWIFT_ASSET_SYMBOL_EXTENSIONS = YES;
				CLANG_ANALYZER_NONNULL = YES;
				CLANG_ANALYZER_NUMBER_OBJECT_CONVERSION = YES_AGGRESSIVE;
				CLANG_CXX_LANGUAGE_STANDARD = "gnu++20";
				CLANG_ENABLE_MODULES = YES;
				CLANG_ENABLE_OBJC_ARC = YES;
				CLANG_ENABLE_OBJC_WEAK = YES;
				CLANG_WARN_BLOCK_CAPTURE_AUTORELEASING = YES;
				CLANG_WARN_BOOL_CONVERSION = YES;
				CLANG_WARN_COMMA = YES;
				CLANG_WARN_CONSTANT_CONVERSION = YES;
				CLANG_WARN_DEPRECATED_OBJC_IMPLEMENTATIONS = YES;
				CLANG_WARN_DIRECT_OBJC_ISA_USAGE = YES_ERROR;
				CLANG_WARN_DOCUMENTATION_COMMENTS = YES;
				CLANG_WARN_EMPTY_BODY = YES;
				CLANG_WARN_ENUM_CONVERSION = YES;
				CLANG_WARN_INFINITE_RECURSION = YES;
				CLANG_WARN_INT_CONVERSION = YES;
				CLANG_WARN_NON_LITERAL_NULL_CONVERSION = YES;
				CLANG_WARN_OBJC_IMPLICIT_RETAIN_SELF = YES;
				CLANG_WARN_OBJC_LITERAL_CONVERSION = YES;
				CLANG_WARN_OBJC_ROOT_CLASS = YES_ERROR;
				CLANG_WARN_QUOTED_INCLUDE_IN_FRAMEWORK_HEADER = YES;
				CLANG_WARN_RANGE_LOOP_ANALYSIS = YES;
				CLANG_WARN_STRICT_PROTOTYPES = YES;
				CLANG_WARN_SUSPICIOUS_MOVE = YES;
				CLANG_WARN_UNGUARDED_AVAILABILITY = YES_AGGRESSIVE;
				CLANG_WARN_UNREACHABLE_CODE = YES;
				CLANG_WARN__DUPLICATE_METHOD_MATCH = YES;
				COPY_PHASE_STRIP = NO;
				DEBUG_INFORMATION_FORMAT = dwarf;
				ENABLE_STRICT_OBJC_MSGSEND = YES;
				ENABLE_TESTABILITY = YES;
				ENABLE_USER_SCRIPT_SANDBOXING = YES;
				GCC_C_LANGUAGE_STANDARD = gnu17;
				GCC_DYNAMIC_NO_PIC = NO;
				GCC_NO_COMMON_BLOCKS = YES;
				GCC_OPTIMIZATION_LEVEL = 0;
				GCC_PREPROCESSOR_DEFINITIONS = (
					"DEBUG=1",
					"$(inherited)",
				);
				GCC_WARN_64_TO_32_BIT_CONVERSION = YES;
				GCC_WARN_ABOUT_RETURN_TYPE = YES_ERROR;
				GCC_WARN_UNDECLARED_SELECTOR = YES;
				GCC_WARN_UNINITIALIZED_AUTOS = YES_AGGRESSIVE;
				GCC_WARN_UNUSED_FUNCTION = YES;
				GCC_WARN_UNUSED_VARIABLE = YES;
				IPHONEOS_DEPLOYMENT_TARGET = 18.0;
				LOCALIZATION_PREFERS_STRING_CATALOGS = YES;
				MTL_ENABLE_DEBUG_INFO = INCLUDE_SOURCE;
				MTL_FAST_MATH = YES;
				ONLY_ACTIVE_ARCH = YES;
				SDKROOT = iphoneos;
				SWIFT_ACTIVE_COMPILATION_CONDITIONS = "DEBUG $(inherited)";
				SWIFT_OPTIMIZATION_LEVEL = "-Onone";
			};
			name = Debug;
		};
		181A2A0D2DF5629100CA1A4A /* Release configuration for PBXProject "TravelMate" */ = {
			isa = XCBuildConfiguration;
			buildSettings = {
				ALWAYS_SEARCH_USER_PATHS = NO;
				ASSETCATALOG_COMPILER_GENERATE_SWIFT_ASSET_SYMBOL_EXTENSIONS = YES;
				CLANG_ANALYZER_NONNULL = YES;
				CLANG_ANALYZER_NUMBER_OBJECT_CONVERSION = YES_AGGRESSIVE;
				CLANG_CXX_LANGUAGE_STANDARD = "gnu++20";
				CLANG_ENABLE_MODULES = YES;
				CLANG_ENABLE_OBJC_ARC = YES;
				CLANG_ENABLE_OBJC_WEAK = YES;
				CLANG_WARN_BLOCK_CAPTURE_AUTORELEASING = YES;
				CLANG_WARN_BOOL_CONVERSION = YES;
				CLANG_WARN_COMMA = YES;
				CLANG_WARN_CONSTANT_CONVERSION = YES;
				CLANG_WARN_DEPRECATED_OBJC_IMPLEMENTATIONS = YES;
				CLANG_WARN_DIRECT_OBJC_ISA_USAGE = YES_ERROR;
				CLANG_WARN_DOCUMENTATION_COMMENTS = YES;
				CLANG_WARN_EMPTY_BODY = YES;
				CLANG_WARN_ENUM_CONVERSION = YES;
				CLANG_WARN_INFINITE_RECURSION = YES;
				CLANG_WARN_INT_CONVERSION = YES;
				CLANG_WARN_NON_LITERAL_NULL_CONVERSION = YES;
				CLANG_WARN_OBJC_IMPLICIT_RETAIN_SELF = YES;
				CLANG_WARN_OBJC_LITERAL_CONVERSION = YES;
				CLANG_WARN_OBJC_ROOT_CLASS = YES_ERROR;
				CLANG_WARN_QUOTED_INCLUDE_IN_FRAMEWORK_HEADER = YES;
				CLANG_WARN_RANGE_LOOP_ANALYSIS = YES;
				CLANG_WARN_STRICT_PROTOTYPES = YES;
				CLANG_WARN_SUSPICIOUS_MOVE = YES;
				CLANG_WARN_UNGUARDED_AVAILABILITY = YES_AGGRESSIVE;
				CLANG_WARN_UNREACHABLE_CODE = YES;
				CLANG_WARN__DUPLICATE_METHOD_MATCH = YES;
				COPY_PHASE_STRIP = NO;
				DEBUG_INFORMATION_FORMAT = "dwarf-with-dsym";
				ENABLE_NS_ASSERTIONS = NO;
				ENABLE_STRICT_OBJC_MSGSEND = YES;
				ENABLE_USER_SCRIPT_SANDBOXING = YES;
				GCC_C_LANGUAGE_STANDARD = gnu17;
				GCC_NO_COMMON_BLOCKS = YES;
				GCC_WARN_64_TO_32_BIT_CONVERSION = YES;
				GCC_WARN_ABOUT_RETURN_TYPE = YES_ERROR;
				GCC_WARN_UNDECLARED_SELECTOR = YES;
				GCC_WARN_UNINITIALIZED_AUTOS = YES_AGGRESSIVE;
				GCC_WARN_UNUSED_FUNCTION = YES;
				GCC_WARN_UNUSED_VARIABLE = YES;
				IPHONEOS_DEPLOYMENT_TARGET = 18.0;
				LOCALIZATION_PREFERS_STRING_CATALOGS = YES;
				MTL_ENABLE_DEBUG_INFO = NO;
				MTL_FAST_MATH = YES;
				SDKROOT = iphoneos;
				SWIFT_COMPILATION_MODE = wholemodule;
				VALIDATE_PRODUCT = YES;
			};
			name = Release;
		};
		181A2A0F2DF5629100CA1A4A /* Debug configuration for PBXNativeTarget "TravelMate" */ = {
			isa = XCBuildConfiguration;
			buildSettings = {
				ASSETCATALOG_COMPILER_APPICON_NAME = AppIcon;
				ASSETCATALOG_COMPILER_GLOBAL_ACCENT_COLOR_NAME = AccentColor;
				CODE_SIGN_STYLE = Automatic;
				CURRENT_PROJECT_VERSION = 1;
				ENABLE_PREVIEWS = YES;
				GENERATE_INFOPLIST_FILE = YES;
				INFOPLIST_FILE = TravelMate/Info.plist;
				INFOPLIST_KEY_CFBundleDisplayName = TravelMate;
				INFOPLIST_KEY_LSApplicationCategoryType = "public.app-category.travel";
				INFOPLIST_KEY_NSLocationWhenInUseUsageDescription = "This app will need your location in order to show it on the map.";
				INFOPLIST_KEY_UIApplicationSceneManifest_Generation = YES;
				INFOPLIST_KEY_UIApplicationSupportsIndirectInputEvents = YES;
				INFOPLIST_KEY_UILaunchScreen_Generation = YES;
				INFOPLIST_KEY_UISupportedInterfaceOrientations = "UIInterfaceOrientationLandscapeLeft UIInterfaceOrientationLandscapeRight UIInterfaceOrientationPortrait";
				INFOPLIST_KEY_UISupportedInterfaceOrientations_iPad = "UIInterfaceOrientationLandscapeLeft UIInterfaceOrientationLandscapeRight UIInterfaceOrientationPortrait UIInterfaceOrientationPortraitUpsideDown";
				IPHONEOS_DEPLOYMENT_TARGET = 18.0;
				LD_RUNPATH_SEARCH_PATHS = (
					"$(inherited)",
					"@executable_path/Frameworks",
				);
				MARKETING_VERSION = 1.0;
				PRODUCT_BUNDLE_IDENTIFIER = com.example.TravelMate;
				PRODUCT_NAME = "$(TARGET_NAME)";
				SUPPORTED_PLATFORMS = "iphoneos iphonesimulator";
				SUPPORTS_MACCATALYST = NO;
				SUPPORTS_XR_DESIGNED_FOR_IPHONE_IPAD = NO;
				SWIFT_EMIT_LOC_STRINGS = YES;
				SWIFT_VERSION = 6.0;
				TARGETED_DEVICE_FAMILY = "1,2";
			};
			name = Debug;
		};
		181A2A102DF5629100CA1A4A /* Release configuration for PBXNativeTarget "TravelMate" */ = {
			isa = XCBuildConfiguration;
			buildSettings = {
				ASSETCATALOG_COMPILER_APPICON_NAME = AppIcon;
				ASSETCATALOG_COMPILER_GLOBAL_ACCENT_COLOR_NAME = AccentColor;
				CODE_SIGN_STYLE = Automatic;
				CURRENT_PROJECT_VERSION = 1;
				ENABLE_PREVIEWS = YES;
				GENERATE_INFOPLIST_FILE = YES;
				INFOPLIST_FILE = TravelMate/Info.plist;
				INFOPLIST_KEY_CFBundleDisplayName = TravelMate;
				INFOPLIST_KEY_LSApplicationCategoryType = "public.app-category.travel";
				INFOPLIST_KEY_NSLocationWhenInUseUsageDescription = "This app will need your location in order to show it on the map.";
				INFOPLIST_KEY_UIApplicationSceneManifest_Generation = YES;
				INFOPLIST_KEY_UIApplicationSupportsIndirectInputEvents = YES;
				INFOPLIST_KEY_UILaunchScreen_Generation = YES;
				INFOPLIST_KEY_UISupportedInterfaceOrientations = "UIInterfaceOrientationLandscapeLeft UIInterfaceOrientationLandscapeRight UIInterfaceOrientationPortrait";
				INFOPLIST_KEY_UISupportedInterfaceOrientations_iPad = "UIInterfaceOrientationLandscapeLeft UIInterfaceOrientationLandscapeRight UIInterfaceOrientationPortrait UIInterfaceOrientationPortraitUpsideDown";
				IPHONEOS_DEPLOYMENT_TARGET = 18.0;
				LD_RUNPATH_SEARCH_PATHS = (
					"$(inherited)",
					"@executable_path/Frameworks",
				);
				MARKETING_VERSION = 1.0;
				PRODUCT_BUNDLE_IDENTIFIER = com.example.TravelMate;
				PRODUCT_NAME = "$(TARGET_NAME)";
				SUPPORTED_PLATFORMS = "iphoneos iphonesimulator";
				SUPPORTS_MACCATALYST = NO;
				SUPPORTS_XR_DESIGNED_FOR_IPHONE_IPAD = NO;
				SWIFT_EMIT_LOC_STRINGS = YES;
				SWIFT_VERSION = 6.0;
				TARGETED_DEVICE_FAMILY = "1,2";
			};
			name = Release;
		};
		181A2A122DF5629100CA1A4A /* Debug configuration for PBXNativeTarget "TravelMateTests" */ = {
			isa = XCBuildConfiguration;
			buildSettings = {
				BUNDLE_LOADER = "$(TEST_HOST)";
				CODE_SIGN_STYLE = Automatic;
				CURRENT_PROJECT_VERSION = 1;
				GENERATE_INFOPLIST_FILE = YES;
				IPHONEOS_DEPLOYMENT_TARGET = 18.5;
				MARKETING_VERSION = 1.0;
				PRODUCT_BUNDLE_IDENTIFIER = com.example.TravelMateTests;
				PRODUCT_NAME = "$(TARGET_NAME)";
				SWIFT_EMIT_LOC_STRINGS = NO;
				SWIFT_VERSION = 5.0;
				TARGETED_DEVICE_FAMILY = "1,2";
				TEST_HOST = "$(BUILT_PRODUCTS_DIR)/TravelMate.app/$(BUNDLE_EXECUTABLE_FOLDER_PATH)/TravelMate";
			};
			name = Debug;
		};
		181A2A132DF5629100CA1A4A /* Release configuration for PBXNativeTarget "TravelMateTests" */ = {
			isa = XCBuildConfiguration;
			buildSettings = {
				BUNDLE_LOADER = "$(TEST_HOST)";
				CODE_SIGN_STYLE = Automatic;
				CURRENT_PROJECT_VERSION = 1;
				GENERATE_INFOPLIST_FILE = YES;
				IPHONEOS_DEPLOYMENT_TARGET = 18.5;
				MARKETING_VERSION = 1.0;
				PRODUCT_BUNDLE_IDENTIFIER = com.example.TravelMateTests;
				PRODUCT_NAME = "$(TARGET_NAME)";
				SWIFT_EMIT_LOC_STRINGS = NO;
				SWIFT_VERSION = 5.0;
				TARGETED_DEVICE_FAMILY = "1,2";
				TEST_HOST = "$(BUILT_PRODUCTS_DIR)/TravelMate.app/$(BUNDLE_EXECUTABLE_FOLDER_PATH)/TravelMate";
			};
			name = Release;
		};
		181A2A152DF5629100CA1A4A /* Debug configuration for PBXNativeTarget "TravelMateUITests" */ = {
			isa = XCBuildConfiguration;
			buildSettings = {
				CODE_SIGN_STYLE = Automatic;
				CURRENT_PROJECT_VERSION = 1;
				GENERATE_INFOPLIST_FILE = YES;
				MARKETING_VERSION = 1.0;
				PRODUCT_BUNDLE_IDENTIFIER = com.example.TravelMateUITests;
				PRODUCT_NAME = "$(TARGET_NAME)";
				SWIFT_EMIT_LOC_STRINGS = NO;
				SWIFT_VERSION = 5.0;
				TARGETED_DEVICE_FAMILY = "1,2";
				TEST_TARGET_NAME = TravelMate;
			};
			name = Debug;
		};
		181A2A162DF5629100CA1A4A /* Release configuration for PBXNativeTarget "TravelMateUITests" */ = {
			isa = XCBuildConfiguration;
			buildSettings = {
				CODE_SIGN_STYLE = Automatic;
				CURRENT_PROJECT_VERSION = 1;
				GENERATE_INFOPLIST_FILE = YES;
				MARKETING_VERSION = 1.0;
				PRODUCT_BUNDLE_IDENTIFIER = com.example.TravelMateUITests;
				PRODUCT_NAME = "$(TARGET_NAME)";
				SWIFT_EMIT_LOC_STRINGS = NO;
				SWIFT_VERSION = 5.0;
				TARGETED_DEVICE_FAMILY = "1,2";
				TEST_TARGET_NAME = TravelMate;
			};
			name = Release;
		};
/* End XCBuildConfiguration section */

/* Begin XCConfigurationList section */
		181A29E82DF5629000CA1A4A /* Build configuration list for PBXProject "TravelMate" */ = {
			isa = XCConfigurationList;
			buildConfigurations = (
				181A2A0C2DF5629100CA1A4A /* Debug configuration for PBXProject "TravelMate" */,
				181A2A0D2DF5629100CA1A4A /* Release configuration for PBXProject "TravelMate" */,
			);
			defaultConfigurationName = Release;
		};
		181A2A0E2DF5629100CA1A4A /* Build configuration list for PBXNativeTarget "TravelMate" */ = {
			isa = XCConfigurationList;
			buildConfigurations = (
				181A2A0F2DF5629100CA1A4A /* Debug configuration for PBXNativeTarget "TravelMate" */,
				181A2A102DF5629100CA1A4A /* Release configuration for PBXNativeTarget "TravelMate" */,
			);
			defaultConfigurationName = Release;
		};
		181A2A112DF5629100CA1A4A /* Build configuration list for PBXNativeTarget "TravelMateTests" */ = {
			isa = XCConfigurationList;
			buildConfigurations = (
				181A2A122DF5629100CA1A4A /* Debug configuration for PBXNativeTarget "TravelMateTests" */,
				181A2A132DF5629100CA1A4A /* Release configuration for PBXNativeTarget "TravelMateTests" */,
			);
			defaultConfigurationName = Release;
		};
		181A2A142DF5629100CA1A4A /* Build configuration list for PBXNativeTarget "TravelMateUITests" */ = {
			isa = XCConfigurationList;
			buildConfigurations = (
				181A2A152DF5629100CA1A4A /* Debug configuration for PBXNativeTarget "TravelMateUITests" */,
				181A2A162DF5629100CA1A4A /* Release configuration for PBXNativeTarget "TravelMateUITests" */,
			);
			defaultConfigurationName = Release;
		};
/* End XCConfigurationList section */
	};
	rootObject = 181A29E52DF5629000CA1A4A /* Project object */;
}
