<?xml version="1.0" encoding="UTF-8"?>
<Scheme
   LastUpgradeVersion = "1640"
   version = "1.7">
   <BuildAction
      parallelizeBuildables = "YES"
      buildImplicitDependencies = "YES"
      buildArchitectures = "Automatic">
      <BuildActionEntries>
         <BuildActionEntry
            buildForTesting = "YES"
            buildForRunning = "YES"
            buildForProfiling = "YES"
            buildForArchiving = "YES"
            buildForAnalyzing = "YES">
            <BuildableReference
               BuildableIdentifier = "primary"
               BlueprintIdentifier = "181A29EC2DF5629000CA1A4A"
               BuildableName = "TravelMate.app"
               BlueprintName = "TravelMate"
               ReferencedContainer = "container:TravelMate.xcodeproj">
            </BuildableReference>
         </BuildActionEntry>
      </BuildActionEntries>
   </BuildAction>
   <TestAction
      buildConfiguration = "Debug"
      selectedDebuggerIdentifier = "Xcode.DebuggerFoundation.Debugger.LLDB"
      selectedLauncherIdentifier = "Xcode.DebuggerFoundation.Launcher.LLDB"
      shouldUseLaunchSchemeArgsEnv = "YES"
      shouldAutocreateTestPlan = "YES">
      <Testables>
         <TestableReference
            skipped = "NO"
            parallelizable = "YES">
            <BuildableReference
               BuildableIdentifier = "primary"
               BlueprintIdentifier = "181A29F92DF5629100CA1A4A"
               BuildableName = "TravelMateTests.xctest"
               BlueprintName = "TravelMateTests"
               ReferencedContainer = "container:TravelMate.xcodeproj">
            </BuildableReference>
         </TestableReference>
         <TestableReference
            skipped = "NO"
            parallelizable = "YES">
            <BuildableReference
               BuildableIdentifier = "primary"
               BlueprintIdentifier = "181A2A032DF5629100CA1A4A"
               BuildableName = "TravelMateUITests.xctest"
               BlueprintName = "TravelMateUITests"
               ReferencedContainer = "container:TravelMate.xcodeproj">
            </BuildableReference>
         </TestableReference>
      </Testables>
   </TestAction>
   <LaunchAction
      buildConfiguration = "Debug"
      selectedDebuggerIdentifier = "Xcode.DebuggerFoundation.Debugger.LLDB"
      selectedLauncherIdentifier = "Xcode.DebuggerFoundation.Launcher.LLDB"
      launchStyle = "0"
      useCustomWorkingDirectory = "NO"
      ignoresPersistentStateOnLaunch = "NO"
      debugDocumentVersioning = "YES"
      debugServiceExtension = "internal"
      allowLocationSimulation = "YES">
      <BuildableProductRunnable
         runnableDebuggingMode = "0">
         <BuildableReference
            BuildableIdentifier = "primary"
            BlueprintIdentifier = "181A29EC2DF5629000CA1A4A"
            BuildableName = "TravelMate.app"
            BlueprintName = "TravelMate"
            ReferencedContainer = "container:TravelMate.xcodeproj">
         </BuildableReference>
      </BuildableProductRunnable>
      <EnvironmentVariables>
         <EnvironmentVariable
            key = "GOOGLE_API_KEY"
            value = "AIzaSyBD-2ozlLt3bF00kZF6lutR4tOZA6UPs8k"
            isEnabled = "YES">
         </EnvironmentVariable>
         <EnvironmentVariable
            key = "THUNDERFOREST_API_KEY"
            value = "26fea585c36c4b18ad1ae8b86c63c317"
            isEnabled = "NO">
         </EnvironmentVariable>
         <EnvironmentVariable
            key = "MAPBOX_ACCESS_TOKEN"
            value = "pk.eyJ1IjoiYWVhZWFhIiwiYSI6ImNtYzlrbTA0dDAwdmQybHIxeDE4dzJ3b24ifQ.QH2rUVCd8KGHYE3-GiKItw"
            isEnabled = "NO">
         </EnvironmentVariable>
         <EnvironmentVariable
            key = "FSQ_API_KEY"
            value = "G4UXHAMKRBZZ0SGZUSEJT3QH5JFX4L1OYMRQHWTN4XXSN02F"
            isEnabled = "NO">
         </EnvironmentVariable>
      </EnvironmentVariables>
   </LaunchAction>
   <ProfileAction
      buildConfiguration = "Release"
      shouldUseLaunchSchemeArgsEnv = "YES"
      savedToolIdentifier = ""
      useCustomWorkingDirectory = "NO"
      debugDocumentVersioning = "YES">
      <BuildableProductRunnable
         runnableDebuggingMode = "0">
         <BuildableReference
            BuildableIdentifier = "primary"
            BlueprintIdentifier = "181A29EC2DF5629000CA1A4A"
            BuildableName = "TravelMate.app"
            BlueprintName = "TravelMate"
            ReferencedContainer = "container:TravelMate.xcodeproj">
         </BuildableReference>
      </BuildableProductRunnable>
   </ProfileAction>
   <AnalyzeAction
      buildConfiguration = "Debug">
   </AnalyzeAction>
   <ArchiveAction
      buildConfiguration = "Release"
      revealArchiveInOrganizer = "YES">
   </ArchiveAction>
</Scheme>
